// !$*UTF8*$!
{
	archiveVersion = 1;
	classes = {
	};
	objectVersion = 46;
	objects = {

/* Begin PBXBuildFile section */
		BF99DCCA18F93C5C00908E6D /* 1.jpg in Resources */ = {isa = PBXBuildFile; fileRef = BF99DCC918F93C5C00908E6D /* 1.jpg */; };
		BF99DCCE18F942F900908E6D /* DetailViewController.m in Sources */ = {isa = PBXBuildFile; fileRef = BF99DCCC18F942F900908E6D /* DetailViewController.m */; };
		BF99DCCF18F942F900908E6D /* DetailViewController.xib in Resources */ = {isa = PBXBuildFile; fileRef = BF99DCCD18F942F900908E6D /* DetailViewController.xib */; };
		BF99DCD118F95F0300908E6D /* x.jpg in Resources */ = {isa = PBXBuildFile; fileRef = BF99DCD018F95F0300908E6D /* x.jpg */; };
		BF99DCD418F966DF00908E6D /* 3.jpeg in Resources */ = {isa = PBXBuildFile; fileRef = BF99DCD218F966DF00908E6D /* 3.jpeg */; };
		BF99DCD518F966DF00908E6D /* 2.jpeg in Resources */ = {isa = PBXBuildFile; fileRef = BF99DCD318F966DF00908E6D /* 2.jpeg */; };
		BF99DCDD18FA5DF900908E6D /* FGalleryViewController.m in Sources */ = {isa = PBXBuildFile; fileRef = BF99DCD818FA5DF900908E6D /* FGalleryViewController.m */; };
		BF99DCDE18FA5DF900908E6D /* FGalleryPhotoView.m in Sources */ = {isa = PBXBuildFile; fileRef = BF99DCDA18FA5DF900908E6D /* FGalleryPhotoView.m */; };
		BF99DCDF18FA5DF900908E6D /* FGalleryPhoto.m in Sources */ = {isa = PBXBuildFile; fileRef = BF99DCDC18FA5DF900908E6D /* FGalleryPhoto.m */; };
		BF99DCE118FA62E500908E6D /* QuartzCore.framework in Frameworks */ = {isa = PBXBuildFile; fileRef = BF99DCE018FA62E500908E6D /* QuartzCore.framework */; };
		BF9E27C818F530480060A288 /* Foundation.framework in Frameworks */ = {isa = PBXBuildFile; fileRef = BF9E27C718F530480060A288 /* Foundation.framework */; };
		BF9E27CA18F530480060A288 /* CoreGraphics.framework in Frameworks */ = {isa = PBXBuildFile; fileRef = BF9E27C918F530480060A288 /* CoreGraphics.framework */; };
		BF9E27CC18F530480060A288 /* UIKit.framework in Frameworks */ = {isa = PBXBuildFile; fileRef = BF9E27CB18F530480060A288 /* UIKit.framework */; };
		BF9E27D218F530480060A288 /* InfoPlist.strings in Resources */ = {isa = PBXBuildFile; fileRef = BF9E27D018F530480060A288 /* InfoPlist.strings */; };
		BF9E27D418F530480060A288 /* main.m in Sources */ = {isa = PBXBuildFile; fileRef = BF9E27D318F530480060A288 /* main.m */; };
		BF9E27D818F530480060A288 /* AppDelegate.m in Sources */ = {isa = PBXBuildFile; fileRef = BF9E27D718F530480060A288 /* AppDelegate.m */; };
		BF9E27DB18F530480060A288 /* Main_iPhone.storyboard in Resources */ = {isa = PBXBuildFile; fileRef = BF9E27D918F530480060A288 /* Main_iPhone.storyboard */; };
		BF9E27DE18F530480060A288 /* Main_iPad.storyboard in Resources */ = {isa = PBXBuildFile; fileRef = BF9E27DC18F530480060A288 /* Main_iPad.storyboard */; };
		BF9E27E118F530480060A288 /* ViewController.m in Sources */ = {isa = PBXBuildFile; fileRef = BF9E27E018F530480060A288 /* ViewController.m */; };
		BF9E27E318F530490060A288 /* Images.xcassets in Resources */ = {isa = PBXBuildFile; fileRef = BF9E27E218F530480060A288 /* Images.xcassets */; };
		BF9E27EA18F530490060A288 /* XCTest.framework in Frameworks */ = {isa = PBXBuildFile; fileRef = BF9E27E918F530490060A288 /* XCTest.framework */; };
		BF9E27EB18F530490060A288 /* Foundation.framework in Frameworks */ = {isa = PBXBuildFile; fileRef = BF9E27C718F530480060A288 /* Foundation.framework */; };
		BF9E27EC18F530490060A288 /* UIKit.framework in Frameworks */ = {isa = PBXBuildFile; fileRef = BF9E27CB18F530480060A288 /* UIKit.framework */; };
		BF9E27F418F530490060A288 /* InfoPlist.strings in Resources */ = {isa = PBXBuildFile; fileRef = BF9E27F218F530490060A288 /* InfoPlist.strings */; };
		BF9E27F618F530490060A288 /* _03Tests.m in Sources */ = {isa = PBXBuildFile; fileRef = BF9E27F518F530490060A288 /* _03Tests.m */; };
		BFE164DD1904235D00974EFF /* ss.png in Resources */ = {isa = PBXBuildFile; fileRef = BFE164DC1904235D00974EFF /* ss.png */; };
/* End PBXBuildFile section */

/* Begin PBXContainerItemProxy section */
		BF9E27ED18F530490060A288 /* PBXContainerItemProxy */ = {
			isa = PBXContainerItemProxy;
			containerPortal = BF9E27BC18F530480060A288 /* Project object */;
			proxyType = 1;
			remoteGlobalIDString = BF9E27C318F530480060A288;
			remoteInfo = 103;
		};
/* End PBXContainerItemProxy section */

/* Begin PBXFileReference section */
		BF99DCC918F93C5C00908E6D /* 1.jpg */ = {isa = PBXFileReference; lastKnownFileType = image.jpeg; name = 1.jpg; path = ../../Downloads/1.jpg; sourceTree = "<group>"; };
		BF99DCCB18F942F900908E6D /* DetailViewController.h */ = {isa = PBXFileReference; fileEncoding = 4; lastKnownFileType = sourcecode.c.h; path = DetailViewController.h; sourceTree = "<group>"; };
		BF99DCCC18F942F900908E6D /* DetailViewController.m */ = {isa = PBXFileReference; fileEncoding = 4; lastKnownFileType = sourcecode.c.objc; path = DetailViewController.m; sourceTree = "<group>"; };
		BF99DCCD18F942F900908E6D /* DetailViewController.xib */ = {isa = PBXFileReference; fileEncoding = 4; lastKnownFileType = file.xib; path = DetailViewController.xib; sourceTree = "<group>"; };
		BF99DCD018F95F0300908E6D /* x.jpg */ = {isa = PBXFileReference; lastKnownFileType = image.jpeg; name = x.jpg; path = ../../Downloads/x.jpg; sourceTree = "<group>"; };
		BF99DCD218F966DF00908E6D /* 3.jpeg */ = {isa = PBXFileReference; lastKnownFileType = image.jpeg; name = 3.jpeg; path = ../../Downloads/3.jpeg; sourceTree = "<group>"; };
		BF99DCD318F966DF00908E6D /* 2.jpeg */ = {isa = PBXFileReference; lastKnownFileType = image.jpeg; name = 2.jpeg; path = ../../Downloads/2.jpeg; sourceTree = "<group>"; };
		BF99DCD718FA5DF900908E6D /* FGalleryViewController.h */ = {isa = PBXFileReference; fileEncoding = 4; lastKnownFileType = sourcecode.c.h; name = FGalleryViewController.h; path = "../../Downloads/FGallery-iPhone-master/FGallery/Classes/FGalleryViewController.h"; sourceTree = "<group>"; };
		BF99DCD818FA5DF900908E6D /* FGalleryViewController.m */ = {isa = PBXFileReference; fileEncoding = 4; lastKnownFileType = sourcecode.c.objc; name = FGalleryViewController.m; path = "../../Downloads/FGallery-iPhone-master/FGallery/Classes/FGalleryViewController.m"; sourceTree = "<group>"; };
		BF99DCD918FA5DF900908E6D /* FGalleryPhotoView.h */ = {isa = PBXFileReference; fileEncoding = 4; lastKnownFileType = sourcecode.c.h; name = FGalleryPhotoView.h; path = "../../Downloads/FGallery-iPhone-master/FGallery/Classes/FGalleryPhotoView.h"; sourceTree = "<group>"; };
		BF99DCDA18FA5DF900908E6D /* FGalleryPhotoView.m */ = {isa = PBXFileReference; fileEncoding = 4; lastKnownFileType = sourcecode.c.objc; name = FGalleryPhotoView.m; path = "../../Downloads/FGallery-iPhone-master/FGallery/Classes/FGalleryPhotoView.m"; sourceTree = "<group>"; };
		BF99DCDB18FA5DF900908E6D /* FGalleryPhoto.h */ = {isa = PBXFileReference; fileEncoding = 4; lastKnownFileType = sourcecode.c.h; name = FGalleryPhoto.h; path = "../../Downloads/FGallery-iPhone-master/FGallery/Classes/FGalleryPhoto.h"; sourceTree = "<group>"; };
		BF99DCDC18FA5DF900908E6D /* FGalleryPhoto.m */ = {isa = PBXFileReference; fileEncoding = 4; lastKnownFileType = sourcecode.c.objc; name = FGalleryPhoto.m; path = "../../Downloads/FGallery-iPhone-master/FGallery/Classes/FGalleryPhoto.m"; sourceTree = "<group>"; };
		BF99DCE018FA62E500908E6D /* QuartzCore.framework */ = {isa = PBXFileReference; lastKnownFileType = wrapper.framework; name = QuartzCore.framework; path = System/Library/Frameworks/QuartzCore.framework; sourceTree = SDKROOT; };
		BF99DCE218FA63D100908E6D /* FGallery_Prefix.pch */ = {isa = PBXFileReference; lastKnownFileType = sourcecode.c.h; name = FGallery_Prefix.pch; path = "../../Downloads/FGallery-iPhone-master/FGallery/FGallery_Prefix.pch"; sourceTree = "<group>"; };
		BF9E27C418F530480060A288 /* 103.app */ = {isa = PBXFileReference; explicitFileType = wrapper.application; includeInIndex = 0; path = 103.app; sourceTree = BUILT_PRODUCTS_DIR; };
		BF9E27C718F530480060A288 /* Foundation.framework */ = {isa = PBXFileReference; lastKnownFileType = wrapper.framework; name = Foundation.framework; path = System/Library/Frameworks/Foundation.framework; sourceTree = SDKROOT; };
		BF9E27C918F530480060A288 /* CoreGraphics.framework */ = {isa = PBXFileReference; lastKnownFileType = wrapper.framework; name = CoreGraphics.framework; path = System/Library/Frameworks/CoreGraphics.framework; sourceTree = SDKROOT; };
		BF9E27CB18F530480060A288 /* UIKit.framework */ = {isa = PBXFileReference; lastKnownFileType = wrapper.framework; name = UIKit.framework; path = System/Library/Frameworks/UIKit.framework; sourceTree = SDKROOT; };
		BF9E27CF18F530480060A288 /* 103-Info.plist */ = {isa = PBXFileReference; lastKnownFileType = text.plist.xml; path = "103-Info.plist"; sourceTree = "<group>"; };
		BF9E27D118F530480060A288 /* en */ = {isa = PBXFileReference; lastKnownFileType = text.plist.strings; name = en; path = en.lproj/InfoPlist.strings; sourceTree = "<group>"; };
		BF9E27D318F530480060A288 /* main.m */ = {isa = PBXFileReference; lastKnownFileType = sourcecode.c.objc; path = main.m; sourceTree = "<group>"; };
		BF9E27D518F530480060A288 /* 103-Prefix.pch */ = {isa = PBXFileReference; lastKnownFileType = sourcecode.c.h; path = "103-Prefix.pch"; sourceTree = "<group>"; };
		BF9E27D618F530480060A288 /* AppDelegate.h */ = {isa = PBXFileReference; lastKnownFileType = sourcecode.c.h; path = AppDelegate.h; sourceTree = "<group>"; };
		BF9E27D718F530480060A288 /* AppDelegate.m */ = {isa = PBXFileReference; lastKnownFileType = sourcecode.c.objc; path = AppDelegate.m; sourceTree = "<group>"; };
		BF9E27DA18F530480060A288 /* Base */ = {isa = PBXFileReference; lastKnownFileType = file.storyboard; name = Base; path = Base.lproj/Main_iPhone.storyboard; sourceTree = "<group>"; };
		BF9E27DD18F530480060A288 /* Base */ = {isa = PBXFileReference; lastKnownFileType = file.storyboard; name = Base; path = Base.lproj/Main_iPad.storyboard; sourceTree = "<group>"; };
		BF9E27DF18F530480060A288 /* ViewController.h */ = {isa = PBXFileReference; lastKnownFileType = sourcecode.c.h; path = ViewController.h; sourceTree = "<group>"; };
		BF9E27E018F530480060A288 /* ViewController.m */ = {isa = PBXFileReference; lastKnownFileType = sourcecode.c.objc; path = ViewController.m; sourceTree = "<group>"; };
		BF9E27E218F530480060A288 /* Images.xcassets */ = {isa = PBXFileReference; lastKnownFileType = folder.assetcatalog; path = Images.xcassets; sourceTree = "<group>"; };
		BF9E27E818F530490060A288 /* 103Tests.xctest */ = {isa = PBXFileReference; explicitFileType = wrapper.cfbundle; includeInIndex = 0; path = 103Tests.xctest; sourceTree = BUILT_PRODUCTS_DIR; };
		BF9E27E918F530490060A288 /* XCTest.framework */ = {isa = PBXFileReference; lastKnownFileType = wrapper.framework; name = XCTest.framework; path = Library/Frameworks/XCTest.framework; sourceTree = DEVELOPER_DIR; };
		BF9E27F118F530490060A288 /* 103Tests-Info.plist */ = {isa = PBXFileReference; lastKnownFileType = text.plist.xml; path = "103Tests-Info.plist"; sourceTree = "<group>"; };
		BF9E27F318F530490060A288 /* en */ = {isa = PBXFileReference; lastKnownFileType = text.plist.strings; name = en; path = en.lproj/InfoPlist.strings; sourceTree = "<group>"; };
		BF9E27F518F530490060A288 /* _03Tests.m */ = {isa = PBXFileReference; lastKnownFileType = sourcecode.c.objc; path = _03Tests.m; sourceTree = "<group>"; };
		BFE164DC1904235D00974EFF /* ss.png */ = {isa = PBXFileReference; lastKnownFileType = image.png; name = ss.png; path = ../../Downloads/ss.png; sourceTree = "<group>"; };
/* End PBXFileReference section */

/* Begin PBXFrameworksBuildPhase section */
		BF9E27C118F530480060A288 /* Frameworks */ = {
			isa = PBXFrameworksBuildPhase;
			buildActionMask = 2147483647;
			files = (
				BF99DCE118FA62E500908E6D /* QuartzCore.framework in Frameworks */,
				BF9E27CA18F530480060A288 /* CoreGraphics.framework in Frameworks */,
				BF9E27CC18F530480060A288 /* UIKit.framework in Frameworks */,
				BF9E27C818F530480060A288 /* Foundation.framework in Frameworks */,
			);
			runOnlyForDeploymentPostprocessing = 0;
		};
		BF9E27E518F530490060A288 /* Frameworks */ = {
			isa = PBXFrameworksBuildPhase;
			buildActionMask = 2147483647;
			files = (
				BF9E27EA18F530490060A288 /* XCTest.framework in Frameworks */,
				BF9E27EC18F530490060A288 /* UIKit.framework in Frameworks */,
				BF9E27EB18F530490060A288 /* Foundation.framework in Frameworks */,
			);
			runOnlyForDeploymentPostprocessing = 0;
		};
/* End PBXFrameworksBuildPhase section */

/* Begin PBXGroup section */
		BF99DCC818F93C3200908E6D /* images */ = {
			isa = PBXGroup;
			children = (
				BFE164DC1904235D00974EFF /* ss.png */,
				BF99DCD218F966DF00908E6D /* 3.jpeg */,
				BF99DCD318F966DF00908E6D /* 2.jpeg */,
				BF99DCD018F95F0300908E6D /* x.jpg */,
				BF99DCC918F93C5C00908E6D /* 1.jpg */,
			);
			name = images;
			sourceTree = "<group>";
		};
		BF99DCD618FA5DDA00908E6D /* FGallery */ = {
			isa = PBXGroup;
			children = (
				BF99DCE218FA63D100908E6D /* FGallery_Prefix.pch */,
				BF99DCD718FA5DF900908E6D /* FGalleryViewController.h */,
				BF99DCD818FA5DF900908E6D /* FGalleryViewController.m */,
				BF99DCD918FA5DF900908E6D /* FGalleryPhotoView.h */,
				BF99DCDA18FA5DF900908E6D /* FGalleryPhotoView.m */,
				BF99DCDB18FA5DF900908E6D /* FGalleryPhoto.h */,
				BF99DCDC18FA5DF900908E6D /* FGalleryPhoto.m */,
			);
			name = FGallery;
			sourceTree = "<group>";
		};
		BF9E27BB18F530480060A288 = {
			isa = PBXGroup;
			children = (
				BF99DCD618FA5DDA00908E6D /* FGallery */,
				BF99DCCB18F942F900908E6D /* DetailViewController.h */,
				BF99DCCC18F942F900908E6D /* DetailViewController.m */,
				BF99DCCD18F942F900908E6D /* DetailViewController.xib */,
				BF99DCC818F93C3200908E6D /* images */,
				BF9E27CD18F530480060A288 /* 103 */,
				BF9E27EF18F530490060A288 /* 103Tests */,
				BF9E27C618F530480060A288 /* Frameworks */,
				BF9E27C518F530480060A288 /* Products */,
			);
			sourceTree = "<group>";
		};
		BF9E27C518F530480060A288 /* Products */ = {
			isa = PBXGroup;
			children = (
				BF9E27C418F530480060A288 /* 103.app */,
				BF9E27E818F530490060A288 /* 103Tests.xctest */,
			);
			name = Products;
			sourceTree = "<group>";
		};
		BF9E27C618F530480060A288 /* Frameworks */ = {
			isa = PBXGroup;
			children = (
				BF99DCE018FA62E500908E6D /* QuartzCore.framework */,
				BF9E27C718F530480060A288 /* Foundation.framework */,
				BF9E27C918F530480060A288 /* CoreGraphics.framework */,
				BF9E27CB18F530480060A288 /* UIKit.framework */,
				BF9E27E918F530490060A288 /* XCTest.framework */,
			);
			name = Frameworks;
			sourceTree = "<group>";
		};
		BF9E27CD18F530480060A288 /* 103 */ = {
			isa = PBXGroup;
			children = (
				BF9E27D618F530480060A288 /* AppDelegate.h */,
				BF9E27D718F530480060A288 /* AppDelegate.m */,
				BF9E27D918F530480060A288 /* Main_iPhone.storyboard */,
				BF9E27DC18F530480060A288 /* Main_iPad.storyboard */,
				BF9E27DF18F530480060A288 /* ViewController.h */,
				BF9E27E018F530480060A288 /* ViewController.m */,
				BF9E27E218F530480060A288 /* Images.xcassets */,
				BF9E27CE18F530480060A288 /* Supporting Files */,
			);
			path = 103;
			sourceTree = "<group>";
		};
		BF9E27CE18F530480060A288 /* Supporting Files */ = {
			isa = PBXGroup;
			children = (
				BF9E27CF18F530480060A288 /* 103-Info.plist */,
				BF9E27D018F530480060A288 /* InfoPlist.strings */,
				BF9E27D318F530480060A288 /* main.m */,
				BF9E27D518F530480060A288 /* 103-Prefix.pch */,
			);
			name = "Supporting Files";
			sourceTree = "<group>";
		};
		BF9E27EF18F530490060A288 /* 103Tests */ = {
			isa = PBXGroup;
			children = (
				BF9E27F518F530490060A288 /* _03Tests.m */,
				BF9E27F018F530490060A288 /* Supporting Files */,
			);
			path = 103Tests;
			sourceTree = "<group>";
		};
		BF9E27F018F530490060A288 /* Supporting Files */ = {
			isa = PBXGroup;
			children = (
				BF9E27F118F530490060A288 /* 103Tests-Info.plist */,
				BF9E27F218F530490060A288 /* InfoPlist.strings */,
			);
			name = "Supporting Files";
			sourceTree = "<group>";
		};
/* End PBXGroup section */

/* Begin PBXNativeTarget section */
		BF9E27C318F530480060A288 /* 103 */ = {
			isa = PBXNativeTarget;
			buildConfigurationList = BF9E27F918F530490060A288 /* Build configuration list for PBXNativeTarget "103" */;
			buildPhases = (
				BF9E27C018F530480060A288 /* Sources */,
				BF9E27C118F530480060A288 /* Frameworks */,
				BF9E27C218F530480060A288 /* Resources */,
			);
			buildRules = (
			);
			dependencies = (
			);
			name = 103;
			productName = 103;
			productReference = BF9E27C418F530480060A288 /* 103.app */;
			productType = "com.apple.product-type.application";
		};
		BF9E27E718F530490060A288 /* 103Tests */ = {
			isa = PBXNativeTarget;
			buildConfigurationList = BF9E27FC18F530490060A288 /* Build configuration list for PBXNativeTarget "103Tests" */;
			buildPhases = (
				BF9E27E418F530490060A288 /* Sources */,
				BF9E27E518F530490060A288 /* Frameworks */,
				BF9E27E618F530490060A288 /* Resources */,
			);
			buildRules = (
			);
			dependencies = (
				BF9E27EE18F530490060A288 /* PBXTargetDependency */,
			);
			name = 103Tests;
			productName = 103Tests;
			productReference = BF9E27E818F530490060A288 /* 103Tests.xctest */;
			productType = "com.apple.product-type.bundle.unit-test";
		};
/* End PBXNativeTarget section */

/* Begin PBXProject section */
		BF9E27BC18F530480060A288 /* Project object */ = {
			isa = PBXProject;
			attributes = {
				LastUpgradeCheck = 0500;
				ORGANIZATIONNAME = "Phuong Nguyen";
				TargetAttributes = {
					BF9E27E718F530490060A288 = {
						TestTargetID = BF9E27C318F530480060A288;
					};
				};
			};
			buildConfigurationList = BF9E27BF18F530480060A288 /* Build configuration list for PBXProject "103" */;
			compatibilityVersion = "Xcode 3.2";
			developmentRegion = English;
			hasScannedForEncodings = 0;
			knownRegions = (
				en,
				Base,
			);
			mainGroup = BF9E27BB18F530480060A288;
			productRefGroup = BF9E27C518F530480060A288 /* Products */;
			projectDirPath = "";
			projectRoot = "";
			targets = (
				BF9E27C318F530480060A288 /* 103 */,
				BF9E27E718F530490060A288 /* 103Tests */,
			);
		};
/* End PBXProject section */

/* Begin PBXResourcesBuildPhase section */
		BF9E27C218F530480060A288 /* Resources */ = {
			isa = PBXResourcesBuildPhase;
			buildActionMask = 2147483647;
			files = (
				BF9E27DE18F530480060A288 /* Main_iPad.storyboard in Resources */,
				BF99DCCF18F942F900908E6D /* DetailViewController.xib in Resources */,
				BF9E27E318F530490060A288 /* Images.xcassets in Resources */,
				BF9E27DB18F530480060A288 /* Main_iPhone.storyboard in Resources */,
				BF99DCD118F95F0300908E6D /* x.jpg in Resources */,
				BFE164DD1904235D00974EFF /* ss.png in Resources */,
				BF99DCD518F966DF00908E6D /* 2.jpeg in Resources */,
				BF99DCD418F966DF00908E6D /* 3.jpeg in Resources */,
				BF99DCCA18F93C5C00908E6D /* 1.jpg in Resources */,
				BF9E27D218F530480060A288 /* InfoPlist.strings in Resources */,
			);
			runOnlyForDeploymentPostprocessing = 0;
		};
		BF9E27E618F530490060A288 /* Resources */ = {
			isa = PBXResourcesBuildPhase;
			buildActionMask = 2147483647;
			files = (
				BF9E27F418F530490060A288 /* InfoPlist.strings in Resources */,
			);
			runOnlyForDeploymentPostprocessing = 0;
		};
/* End PBXResourcesBuildPhase section */

/* Begin PBXSourcesBuildPhase section */
		BF9E27C018F530480060A288 /* Sources */ = {
			isa = PBXSourcesBuildPhase;
			buildActionMask = 2147483647;
			files = (
				BF99DCDF18FA5DF900908E6D /* FGalleryPhoto.m in Sources */,
				BF9E27E118F530480060A288 /* ViewController.m in Sources */,
				BF99DCDE18FA5DF900908E6D /* FGalleryPhotoView.m in Sources */,
				BF9E27D818F530480060A288 /* AppDelegate.m in Sources */,
				BF9E27D418F530480060A288 /* main.m in Sources */,
				BF99DCDD18FA5DF900908E6D /* FGalleryViewController.m in Sources */,
				BF99DCCE18F942F900908E6D /* DetailViewController.m in Sources */,
			);
			runOnlyForDeploymentPostprocessing = 0;
		};
		BF9E27E418F530490060A288 /* Sources */ = {
			isa = PBXSourcesBuildPhase;
			buildActionMask = 2147483647;
			files = (
				BF9E27F618F530490060A288 /* _03Tests.m in Sources */,
			);
			runOnlyForDeploymentPostprocessing = 0;
		};
/* End PBXSourcesBuildPhase section */

/* Begin PBXTargetDependency section */
		BF9E27EE18F530490060A288 /* PBXTargetDependency */ = {
			isa = PBXTargetDependency;
			target = BF9E27C318F530480060A288 /* 103 */;
			targetProxy = BF9E27ED18F530490060A288 /* PBXContainerItemProxy */;
		};
/* End PBXTargetDependency section */

/* Begin PBXVariantGroup section */
		BF9E27D018F530480060A288 /* InfoPlist.strings */ = {
			isa = PBXVariantGroup;
			children = (
				BF9E27D118F530480060A288 /* en */,
			);
			name = InfoPlist.strings;
			sourceTree = "<group>";
		};
		BF9E27D918F530480060A288 /* Main_iPhone.storyboard */ = {
			isa = PBXVariantGroup;
			children = (
				BF9E27DA18F530480060A288 /* Base */,
			);
			name = Main_iPhone.storyboard;
			sourceTree = "<group>";
		};
		BF9E27DC18F530480060A288 /* Main_iPad.storyboard */ = {
			isa = PBXVariantGroup;
			children = (
				BF9E27DD18F530480060A288 /* Base */,
			);
			name = Main_iPad.storyboard;
			sourceTree = "<group>";
		};
		BF9E27F218F530490060A288 /* InfoPlist.strings */ = {
			isa = PBXVariantGroup;
			children = (
				BF9E27F318F530490060A288 /* en */,
			);
			name = InfoPlist.strings;
			sourceTree = "<group>";
		};
/* End PBXVariantGroup section */

/* Begin XCBuildConfiguration section */
		BF9E27F718F530490060A288 /* Debug */ = {
			isa = XCBuildConfiguration;
			buildSettings = {
				ALWAYS_SEARCH_USER_PATHS = NO;
				ARCHS = "$(ARCHS_STANDARD_INCLUDING_64_BIT)";
				CLANG_CXX_LANGUAGE_STANDARD = "gnu++0x";
				CLANG_CXX_LIBRARY = "libc++";
				CLANG_ENABLE_MODULES = YES;
				CLANG_ENABLE_OBJC_ARC = NO;
				CLANG_WARN_BOOL_CONVERSION = YES;
				CLANG_WARN_CONSTANT_CONVERSION = YES;
				CLANG_WARN_DIRECT_OBJC_ISA_USAGE = YES_ERROR;
				CLANG_WARN_EMPTY_BODY = YES;
				CLANG_WARN_ENUM_CONVERSION = YES;
				CLANG_WARN_INT_CONVERSION = YES;
				CLANG_WARN_OBJC_ROOT_CLASS = YES_ERROR;
				CLANG_WARN__DUPLICATE_METHOD_MATCH = YES;
				"CODE_SIGN_IDENTITY[sdk=iphoneos*]" = "iPhone Developer";
				COPY_PHASE_STRIP = NO;
				GCC_C_LANGUAGE_STANDARD = gnu99;
				GCC_DYNAMIC_NO_PIC = NO;
				GCC_OPTIMIZATION_LEVEL = 0;
				GCC_PREPROCESSOR_DEFINITIONS = (
					"DEBUG=1",
					"$(inherited)",
				);
				GCC_SYMBOLS_PRIVATE_EXTERN = NO;
				GCC_WARN_64_TO_32_BIT_CONVERSION = YES;
				GCC_WARN_ABOUT_RETURN_TYPE = YES_ERROR;
				GCC_WARN_UNDECLARED_SELECTOR = YES;
				GCC_WARN_UNINITIALIZED_AUTOS = YES;
				GCC_WARN_UNUSED_FUNCTION = YES;
				GCC_WARN_UNUSED_VARIABLE = YES;
				IPHONEOS_DEPLOYMENT_TARGET = 7.0;
				ONLY_ACTIVE_ARCH = YES;
				SDKROOT = iphoneos;
				TARGETED_DEVICE_FAMILY = "1,2";
			};
			name = Debug;
		};
		BF9E27F818F530490060A288 /* Release */ = {
			isa = XCBuildConfiguration;
			buildSettings = {
				ALWAYS_SEARCH_USER_PATHS = NO;
				ARCHS = "$(ARCHS_STANDARD_INCLUDING_64_BIT)";
				CLANG_CXX_LANGUAGE_STANDARD = "gnu++0x";
				CLANG_CXX_LIBRARY = "libc++";
				CLANG_ENABLE_MODULES = YES;
				CLANG_ENABLE_OBJC_ARC = NO;
				CLANG_WARN_BOOL_CONVERSION = YES;
				CLANG_WARN_CONSTANT_CONVERSION = YES;
				CLANG_WARN_DIRECT_OBJC_ISA_USAGE = YES_ERROR;
				CLANG_WARN_EMPTY_BODY = YES;
				CLANG_WARN_ENUM_CONVERSION = YES;
				CLANG_WARN_INT_CONVERSION = YES;
				CLANG_WARN_OBJC_ROOT_CLASS = YES_ERROR;
				CLANG_WARN__DUPLICATE_METHOD_MATCH = YES;
				"CODE_SIGN_IDENTITY[sdk=iphoneos*]" = "iPhone Developer";
				COPY_PHASE_STRIP = YES;
				ENABLE_NS_ASSERTIONS = NO;
				GCC_C_LANGUAGE_STANDARD = gnu99;
				GCC_WARN_64_TO_32_BIT_CONVERSION = YES;
				GCC_WARN_ABOUT_RETURN_TYPE = YES_ERROR;
				GCC_WARN_UNDECLARED_SELECTOR = YES;
				GCC_WARN_UNINITIALIZED_AUTOS = YES;
				GCC_WARN_UNUSED_FUNCTION = YES;
				GCC_WARN_UNUSED_VARIABLE = YES;
				IPHONEOS_DEPLOYMENT_TARGET = 7.0;
				SDKROOT = iphoneos;
				TARGETED_DEVICE_FAMILY = "1,2";
				VALIDATE_PRODUCT = YES;
			};
			name = Release;
		};
		BF9E27FA18F530490060A288 /* Debug */ = {
			isa = XCBuildConfiguration;
			buildSettings = {
				ASSETCATALOG_COMPILER_APPICON_NAME = AppIcon;
				ASSETCATALOG_COMPILER_LAUNCHIMAGE_NAME = LaunchImage;
				CLANG_ENABLE_OBJC_ARC = NO;
				GCC_PRECOMPILE_PREFIX_HEADER = YES;
				GCC_PREFIX_HEADER = "103/103-Prefix.pch";
				INFOPLIST_FILE = "103/103-Info.plist";
				PRODUCT_NAME = "$(TARGET_NAME)";
				WRAPPER_EXTENSION = app;
			};
			name = Debug;
		};
		BF9E27FB18F530490060A288 /* Release */ = {
			isa = XCBuildConfiguration;
			buildSettings = {
				ASSETCATALOG_COMPILER_APPICON_NAME = AppIcon;
				ASSETCATALOG_COMPILER_LAUNCHIMAGE_NAME = LaunchImage;
				CLANG_ENABLE_OBJC_ARC = NO;
				GCC_PRECOMPILE_PREFIX_HEADER = YES;
				GCC_PREFIX_HEADER = "103/103-Prefix.pch";
				INFOPLIST_FILE = "103/103-Info.plist";
				PRODUCT_NAME = "$(TARGET_NAME)";
				WRAPPER_EXTENSION = app;
			};
			name = Release;
		};
		BF9E27FD18F530490060A288 /* Debug */ = {
			isa = XCBuildConfiguration;
			buildSettings = {
				ARCHS = "$(ARCHS_STANDARD_INCLUDING_64_BIT)";
				BUNDLE_LOADER = "$(BUILT_PRODUCTS_DIR)/103.app/103";
				FRAMEWORK_SEARCH_PATHS = (
					"$(SDKROOT)/Developer/Library/Frameworks",
					"$(inherited)",
					"$(DEVELOPER_FRAMEWORKS_DIR)",
				);
				GCC_PRECOMPILE_PREFIX_HEADER = YES;
				GCC_PREFIX_HEADER = "103/103-Prefix.pch";
				GCC_PREPROCESSOR_DEFINITIONS = (
					"DEBUG=1",
					"$(inherited)",
				);
				INFOPLIST_FILE = "103Tests/103Tests-Info.plist";
				PRODUCT_NAME = "$(TARGET_NAME)";
				TEST_HOST = "$(BUNDLE_LOADER)";
				WRAPPER_EXTENSION = xctest;
			};
			name = Debug;
		};
		BF9E27FE18F530490060A288 /* Release */ = {
			isa = XCBuildConfiguration;
			buildSettings = {
				ARCHS = "$(ARCHS_STANDARD_INCLUDING_64_BIT)";
				BUNDLE_LOADER = "$(BUILT_PRODUCTS_DIR)/103.app/103";
				FRAMEWORK_SEARCH_PATHS = (
					"$(SDKROOT)/Developer/Library/Frameworks",
					"$(inherited)",
					"$(DEVELOPER_FRAMEWORKS_DIR)",
				);
				GCC_PRECOMPILE_PREFIX_HEADER = YES;
				GCC_PREFIX_HEADER = "103/103-Prefix.pch";
				INFOPLIST_FILE = "103Tests/103Tests-Info.plist";
				PRODUCT_NAME = "$(TARGET_NAME)";
				TEST_HOST = "$(BUNDLE_LOADER)";
				WRAPPER_EXTENSION = xctest;
			};
			name = Release;
		};
/* End XCBuildConfiguration section */

/* Begin XCConfigurationList section */
		BF9E27BF18F530480060A288 /* Build configuration list for PBXProject "103" */ = {
			isa = XCConfigurationList;
			buildConfigurations = (
				BF9E27F718F530490060A288 /* Debug */,
				BF9E27F818F530490060A288 /* Release */,
			);
			defaultConfigurationIsVisible = 0;
			defaultConfigurationName = Release;
		};
		BF9E27F918F530490060A288 /* Build configuration list for PBXNativeTarget "103" */ = {
			isa = XCConfigurationList;
			buildConfigurations = (
				BF9E27FA18F530490060A288 /* Debug */,
				BF9E27FB18F530490060A288 /* Release */,
			);
			defaultConfigurationIsVisible = 0;
			defaultConfigurationName = Release;
		};
		BF9E27FC18F530490060A288 /* Build configuration list for PBXNativeTarget "103Tests" */ = {
			isa = XCConfigurationList;
			buildConfigurations = (
				BF9E27FD18F530490060A288 /* Debug */,
				BF9E27FE18F530490060A288 /* Release */,
			);
			defaultConfigurationIsVisible = 0;
			defaultConfigurationName = Release;
		};
/* End XCConfigurationList section */
	};
	rootObject = BF9E27BC18F530480060A288 /* Project object */;
}
